PODS:
  - iOSDropDown (0.3.4)
  - Realm (4.4.1):
    - Realm/Headers (= 4.4.1)
  - Realm/Headers (4.4.1)
  - RealmSwift (4.4.1):
    - Realm (= 4.4.1)

DEPENDENCIES:
  - iOSDropDown
  - RealmSwift

SPEC REPOS:
  trunk:
    - iOSDropDown
    - Realm
    - RealmSwift

SPEC CHECKSUMS:
  iOSDropDown: c10a761f9a00c3f1cc9d3bce43ae504628e2f692
  Realm: 4eb04d7487bd43c0581256f40b424eafb711deff
  RealmSwift: 3eb8924ff7100df5928c7602f71d0fec51e7c9c5

PODFILE CHECKSUM: 72b9eaef2244c366c7805623073b88d4a7475aa3

COCOAPODS: 1.8.4
