// !$*UTF8*$!
{
	archiveVersion = 1;
	classes = {
	};
	objectVersion = 51;
	objects = {

/* Begin PBXBuildFile section */
		0420CA9F244F6B3A00090F37 /* SigninFscreenViewController.swift in Sources */ = {isa = PBXBuildFile; fileRef = 0420CA9E244F6B3A00090F37 /* SigninFscreenViewController.swift */; };
		04236AE72450E19900C66F66 /* AnimalCollectionViewCell.swift in Sources */ = {isa = PBXBuildFile; fileRef = 04236AE62450E19900C66F66 /* AnimalCollectionViewCell.swift */; };
		04236AE92450E1B500C66F66 /* AnimalSelectionViewController.swift in Sources */ = {isa = PBXBuildFile; fileRef = 04236AE82450E1B500C66F66 /* AnimalSelectionViewController.swift */; };
		042F04C3249894F000F40EC9 /* FeedDetailsViewController.swift in Sources */ = {isa = PBXBuildFile; fileRef = 042F04C2249894F000F40EC9 /* FeedDetailsViewController.swift */; };
		0442AD1D248EA9A300A53BA1 /* Task.swift in Sources */ = {isa = PBXBuildFile; fileRef = 0442AD1C248EA9A300A53BA1 /* Task.swift */; };
		044BE5022452A66C00551BF6 /* dropdownTableViewCell.swift in Sources */ = {isa = PBXBuildFile; fileRef = 044BE5012452A66C00551BF6 /* dropdownTableViewCell.swift */; };
		045263F724519177006D67AB /* LoginViewController.swift in Sources */ = {isa = PBXBuildFile; fileRef = 045263F624519176006D67AB /* LoginViewController.swift */; };
		045263FE2451BF23006D67AB /* Rubik-Regular.ttf in Resources */ = {isa = PBXBuildFile; fileRef = 045263FB2451BF22006D67AB /* Rubik-Regular.ttf */; };
		045263FF2451BF23006D67AB /* Rubik-Medium.ttf in Resources */ = {isa = PBXBuildFile; fileRef = 045263FC2451BF23006D67AB /* Rubik-Medium.ttf */; };
		045264002451BF23006D67AB /* Rubik-Bold.ttf in Resources */ = {isa = PBXBuildFile; fileRef = 045263FD2451BF23006D67AB /* Rubik-Bold.ttf */; };
		046A1B952455AAA00012F519 /* profileTitleTableViewCell.swift in Sources */ = {isa = PBXBuildFile; fileRef = 046A1B932455AAA00012F519 /* profileTitleTableViewCell.swift */; };
		046A1B962455AAA00012F519 /* profileTitleTableViewCell.xib in Resources */ = {isa = PBXBuildFile; fileRef = 046A1B942455AAA00012F519 /* profileTitleTableViewCell.xib */; };
		046D6A5F24973F8900F7E494 /* invoice.html in Resources */ = {isa = PBXBuildFile; fileRef = 046D6A5E24973F8100F7E494 /* invoice.html */; };
		046D6A6124973FC300F7E494 /* last_item.html in Resources */ = {isa = PBXBuildFile; fileRef = 046D6A6024973FC300F7E494 /* last_item.html */; };
		046D6A632497403D00F7E494 /* single_item.html in Resources */ = {isa = PBXBuildFile; fileRef = 046D6A622497403D00F7E494 /* single_item.html */; };
		046D6A652497410000F7E494 /* InvoiceComposer.swift in Sources */ = {isa = PBXBuildFile; fileRef = 046D6A642497410000F7E494 /* InvoiceComposer.swift */; };
		046D6A672497412000F7E494 /* CustomPrintPageRenderer.swift in Sources */ = {isa = PBXBuildFile; fileRef = 046D6A662497412000F7E494 /* CustomPrintPageRenderer.swift */; };
		046D6A69249744D000F7E494 /* PreviewViewController.swift in Sources */ = {isa = PBXBuildFile; fileRef = 046D6A68249744D000F7E494 /* PreviewViewController.swift */; };
		047ADF052454C83A0067237A /* ProfileLoadViewController.swift in Sources */ = {isa = PBXBuildFile; fileRef = 047ADF042454C83A0067237A /* ProfileLoadViewController.swift */; };
		047ADF072454CE3E0067237A /* ProfileloadTableViewCell.swift in Sources */ = {isa = PBXBuildFile; fileRef = 047ADF062454CE3E0067237A /* ProfileloadTableViewCell.swift */; };
		04973F9D243F51D2003CE2E6 /* Podfile in Resources */ = {isa = PBXBuildFile; fileRef = 04973F9C243F51D2003CE2E6 /* Podfile */; };
		04BBE55B246C3BED00B04F4A /* LocationManager.swift in Sources */ = {isa = PBXBuildFile; fileRef = 04BBE55A246C3BED00B04F4A /* LocationManager.swift */; };
		04D11E70246A7638002D5612 /* GoogleService-Info.plist in Resources */ = {isa = PBXBuildFile; fileRef = 04D11E6F246A7638002D5612 /* GoogleService-Info.plist */; };
		04D6A907246BFE3100B37859 /* MakeDropDown.swift in Sources */ = {isa = PBXBuildFile; fileRef = 04D6A906246BFE3100B37859 /* MakeDropDown.swift */; };
		04D6A909246C164700B37859 /* world-cities.txt in Resources */ = {isa = PBXBuildFile; fileRef = 04D6A908246C164600B37859 /* world-cities.txt */; };
		04E98D57246E3F8600D7AB67 /* Utilities.swift in Sources */ = {isa = PBXBuildFile; fileRef = 04E98D56246E3F8600D7AB67 /* Utilities.swift */; };
		04E98D59246E3FBB00D7AB67 /* Constants.swift in Sources */ = {isa = PBXBuildFile; fileRef = 04E98D58246E3FBB00D7AB67 /* Constants.swift */; };
		04EC579624509E7100BAAF23 /* DropViewController.swift in Sources */ = {isa = PBXBuildFile; fileRef = 04EC579524509E7100BAAF23 /* DropViewController.swift */; };
		1A1FD8602490D80500F9A6AC /* userdataViewController.swift in Sources */ = {isa = PBXBuildFile; fileRef = 1A1FD85F2490D80500F9A6AC /* userdataViewController.swift */; };
		1A1FD8622491112000F9A6AC /* userCollectionViewCell.swift in Sources */ = {isa = PBXBuildFile; fileRef = 1A1FD8612491112000F9A6AC /* userCollectionViewCell.swift */; };
		1A277B9D24C6FC4700FDA1DD /* feedthreeViewController.swift in Sources */ = {isa = PBXBuildFile; fileRef = 1A277B9C24C6FC4700FDA1DD /* feedthreeViewController.swift */; };
		1A277B9F24C769E300FDA1DD /* feedthreeTableViewCell.swift in Sources */ = {isa = PBXBuildFile; fileRef = 1A277B9E24C769E300FDA1DD /* feedthreeTableViewCell.swift */; };
		1A3A558424E3F22D008BF672 /* WaterCustomViewController.swift in Sources */ = {isa = PBXBuildFile; fileRef = 1A3A558324E3F22D008BF672 /* WaterCustomViewController.swift */; };
		1A3A558624E3F25E008BF672 /* WaterStandardViewController.swift in Sources */ = {isa = PBXBuildFile; fileRef = 1A3A558524E3F25E008BF672 /* WaterStandardViewController.swift */; };
		1A4C5E722456CC620091DC87 /* premixCollectionViewCell.swift in Sources */ = {isa = PBXBuildFile; fileRef = 1A4C5E712456CC620091DC87 /* premixCollectionViewCell.swift */; };
		1A50F0E724EE6455007EC60C /* Requirments.swift in Sources */ = {isa = PBXBuildFile; fileRef = 1A50F0E624EE6455007EC60C /* Requirments.swift */; };
		1A63AA1924F7B7F200ADCAB0 /* csvjson.json in Resources */ = {isa = PBXBuildFile; fileRef = 1A63AA1824F7B7F200ADCAB0 /* csvjson.json */; };
		1A7F1216243CE34F0008CFC0 /* AppDelegate.swift in Sources */ = {isa = PBXBuildFile; fileRef = 1A7F1215243CE34F0008CFC0 /* AppDelegate.swift */; };
		1A7F1218243CE34F0008CFC0 /* SceneDelegate.swift in Sources */ = {isa = PBXBuildFile; fileRef = 1A7F1217243CE34F0008CFC0 /* SceneDelegate.swift */; };
		1A7F121D243CE34F0008CFC0 /* Main.storyboard in Resources */ = {isa = PBXBuildFile; fileRef = 1A7F121B243CE34F0008CFC0 /* Main.storyboard */; };
		1A7F121F243CE3500008CFC0 /* Assets.xcassets in Resources */ = {isa = PBXBuildFile; fileRef = 1A7F121E243CE3500008CFC0 /* Assets.xcassets */; };
		1A7F1222243CE3500008CFC0 /* LaunchScreen.storyboard in Resources */ = {isa = PBXBuildFile; fileRef = 1A7F1220243CE3500008CFC0 /* LaunchScreen.storyboard */; };
		1A7F122A243E12610008CFC0 /* HomeViewController.swift in Sources */ = {isa = PBXBuildFile; fileRef = 1A7F1229243E12610008CFC0 /* HomeViewController.swift */; };
		1AAAF51324B433350010F945 /* loadProfileAnimalsViewController.swift in Sources */ = {isa = PBXBuildFile; fileRef = 1AAAF51224B433350010F945 /* loadProfileAnimalsViewController.swift */; };
		1AAAF51524B4D0250010F945 /* loadAnimalsTableViewCell.swift in Sources */ = {isa = PBXBuildFile; fileRef = 1AAAF51424B4D0250010F945 /* loadAnimalsTableViewCell.swift */; };
		1ABC8BA324D0C62E00BE7628 /* RuminantspickViewController.swift in Sources */ = {isa = PBXBuildFile; fileRef = 1ABC8BA224D0C62E00BE7628 /* RuminantspickViewController.swift */; };
		1ABC8BA524D0CF4200BE7628 /* RuminantsPickCollectionViewCell.swift in Sources */ = {isa = PBXBuildFile; fileRef = 1ABC8BA424D0CF4200BE7628 /* RuminantsPickCollectionViewCell.swift */; };
		1AC35CDA245098AF001C7693 /* iOSDropDown.framework in Frameworks */ = {isa = PBXBuildFile; fileRef = 1AC35CD9245098AF001C7693 /* iOSDropDown.framework */; };
		1AC35CDC24509D5C001C7693 /* StateViewController.swift in Sources */ = {isa = PBXBuildFile; fileRef = 1AC35CDB24509D5C001C7693 /* StateViewController.swift */; };
		1AC88FC92466D4AF00694903 /* PaddingTextField.swift in Sources */ = {isa = PBXBuildFile; fileRef = 1AC88FC82466D4AF00694903 /* PaddingTextField.swift */; };
		1ADBC19F249A9DE800D061B5 /* userSignupViewController.swift in Sources */ = {isa = PBXBuildFile; fileRef = 1ADBC19E249A9DE800D061B5 /* userSignupViewController.swift */; };
		1ADBC1A1249AA08D00D061B5 /* userSignupCollectionViewCell.swift in Sources */ = {isa = PBXBuildFile; fileRef = 1ADBC1A0249AA08D00D061B5 /* userSignupCollectionViewCell.swift */; };
		1AE3587824EA78A600A7E0AA /* waterrationViewController.swift in Sources */ = {isa = PBXBuildFile; fileRef = 1AE3587724EA78A600A7E0AA /* waterrationViewController.swift */; };
		1AE3587C24EA872300A7E0AA /* waterrationTableViewCell.swift in Sources */ = {isa = PBXBuildFile; fileRef = 1AE3587B24EA872300A7E0AA /* waterrationTableViewCell.swift */; };
		1AED4025248A751300BE5108 /* gatewayViewController.swift in Sources */ = {isa = PBXBuildFile; fileRef = 1AED4024248A751300BE5108 /* gatewayViewController.swift */; };
		1AEEA0F924CB580B0077324A /* DataModel.swift in Sources */ = {isa = PBXBuildFile; fileRef = 1AEEA0F824CB580B0077324A /* DataModel.swift */; };
		1AEEA0FB24CB590C0077324A /* DataAppend.swift in Sources */ = {isa = PBXBuildFile; fileRef = 1AEEA0FA24CB590C0077324A /* DataAppend.swift */; };
		1AFE559724AAD6FB0099DB12 /* wateroneViewController.swift in Sources */ = {isa = PBXBuildFile; fileRef = 1AFE559624AAD6FB0099DB12 /* wateroneViewController.swift */; };
		1AFE70DE24C2CDD800C4E08F /* premixViewController.swift in Sources */ = {isa = PBXBuildFile; fileRef = 1AFE70DD24C2CDD800C4E08F /* premixViewController.swift */; };
		C3C5DD25E952937DFF8D3273 /* Pods_FeedInsight.framework in Frameworks */ = {isa = PBXBuildFile; fileRef = D672D6D6A794059D415D1A0A /* Pods_FeedInsight.framework */; };
/* End PBXBuildFile section */

/* Begin PBXFileReference section */
		0420CA9C244F69BD00090F37 /* LoginViewController.swift */ = {isa = PBXFileReference; fileEncoding = 4; lastKnownFileType = sourcecode.swift; path = LoginViewController.swift; sourceTree = "<group>"; };
		0420CA9E244F6B3A00090F37 /* SigninFscreenViewController.swift */ = {isa = PBXFileReference; lastKnownFileType = sourcecode.swift; path = SigninFscreenViewController.swift; sourceTree = "<group>"; };
		04236AE62450E19900C66F66 /* AnimalCollectionViewCell.swift */ = {isa = PBXFileReference; lastKnownFileType = sourcecode.swift; path = AnimalCollectionViewCell.swift; sourceTree = "<group>"; };
		04236AE82450E1B500C66F66 /* AnimalSelectionViewController.swift */ = {isa = PBXFileReference; lastKnownFileType = sourcecode.swift; path = AnimalSelectionViewController.swift; sourceTree = "<group>"; };
		042F04C2249894F000F40EC9 /* FeedDetailsViewController.swift */ = {isa = PBXFileReference; lastKnownFileType = sourcecode.swift; path = FeedDetailsViewController.swift; sourceTree = "<group>"; };
		0442AD1C248EA9A300A53BA1 /* Task.swift */ = {isa = PBXFileReference; lastKnownFileType = sourcecode.swift; path = Task.swift; sourceTree = "<group>"; };
		044BE5012452A66C00551BF6 /* dropdownTableViewCell.swift */ = {isa = PBXFileReference; lastKnownFileType = sourcecode.swift; path = dropdownTableViewCell.swift; sourceTree = "<group>"; };
		045263F624519176006D67AB /* LoginViewController.swift */ = {isa = PBXFileReference; lastKnownFileType = sourcecode.swift; path = LoginViewController.swift; sourceTree = "<group>"; };
		045263FB2451BF22006D67AB /* Rubik-Regular.ttf */ = {isa = PBXFileReference; lastKnownFileType = file; path = "Rubik-Regular.ttf"; sourceTree = "<group>"; };
		045263FC2451BF23006D67AB /* Rubik-Medium.ttf */ = {isa = PBXFileReference; lastKnownFileType = file; path = "Rubik-Medium.ttf"; sourceTree = "<group>"; };
		045263FD2451BF23006D67AB /* Rubik-Bold.ttf */ = {isa = PBXFileReference; lastKnownFileType = file; path = "Rubik-Bold.ttf"; sourceTree = "<group>"; };
		046A1B932455AAA00012F519 /* profileTitleTableViewCell.swift */ = {isa = PBXFileReference; lastKnownFileType = sourcecode.swift; path = profileTitleTableViewCell.swift; sourceTree = "<group>"; };
		046A1B942455AAA00012F519 /* profileTitleTableViewCell.xib */ = {isa = PBXFileReference; lastKnownFileType = file.xib; path = profileTitleTableViewCell.xib; sourceTree = "<group>"; };
		046D6A5E24973F8100F7E494 /* invoice.html */ = {isa = PBXFileReference; fileEncoding = 4; lastKnownFileType = text.html; path = invoice.html; sourceTree = "<group>"; };
		046D6A6024973FC300F7E494 /* last_item.html */ = {isa = PBXFileReference; fileEncoding = 4; lastKnownFileType = text.html; path = last_item.html; sourceTree = "<group>"; };
		046D6A622497403D00F7E494 /* single_item.html */ = {isa = PBXFileReference; fileEncoding = 4; lastKnownFileType = text.html; path = single_item.html; sourceTree = "<group>"; };
		046D6A642497410000F7E494 /* InvoiceComposer.swift */ = {isa = PBXFileReference; fileEncoding = 4; lastKnownFileType = sourcecode.swift; path = InvoiceComposer.swift; sourceTree = "<group>"; };
		046D6A662497412000F7E494 /* CustomPrintPageRenderer.swift */ = {isa = PBXFileReference; fileEncoding = 4; lastKnownFileType = sourcecode.swift; path = CustomPrintPageRenderer.swift; sourceTree = "<group>"; };
		046D6A68249744D000F7E494 /* PreviewViewController.swift */ = {isa = PBXFileReference; fileEncoding = 4; lastKnownFileType = sourcecode.swift; path = PreviewViewController.swift; sourceTree = "<group>"; };
		047ADF042454C83A0067237A /* ProfileLoadViewController.swift */ = {isa = PBXFileReference; lastKnownFileType = sourcecode.swift; path = ProfileLoadViewController.swift; sourceTree = "<group>"; };
		047ADF062454CE3E0067237A /* ProfileloadTableViewCell.swift */ = {isa = PBXFileReference; lastKnownFileType = sourcecode.swift; path = ProfileloadTableViewCell.swift; sourceTree = "<group>"; };
		04973F9C243F51D2003CE2E6 /* Podfile */ = {isa = PBXFileReference; fileEncoding = 4; lastKnownFileType = text; path = Podfile; sourceTree = "<group>"; xcLanguageSpecificationIdentifier = xcode.lang.ruby; };
		04BBE55A246C3BED00B04F4A /* LocationManager.swift */ = {isa = PBXFileReference; lastKnownFileType = sourcecode.swift; path = LocationManager.swift; sourceTree = "<group>"; };
		04D11E6F246A7638002D5612 /* GoogleService-Info.plist */ = {isa = PBXFileReference; fileEncoding = 4; lastKnownFileType = text.plist.xml; path = "GoogleService-Info.plist"; sourceTree = "<group>"; };
		04D6A906246BFE3100B37859 /* MakeDropDown.swift */ = {isa = PBXFileReference; lastKnownFileType = sourcecode.swift; path = MakeDropDown.swift; sourceTree = "<group>"; };
		04D6A908246C164600B37859 /* world-cities.txt */ = {isa = PBXFileReference; fileEncoding = 4; lastKnownFileType = text; path = "world-cities.txt"; sourceTree = "<group>"; };
		04E98D56246E3F8600D7AB67 /* Utilities.swift */ = {isa = PBXFileReference; lastKnownFileType = sourcecode.swift; path = Utilities.swift; sourceTree = "<group>"; };
		04E98D58246E3FBB00D7AB67 /* Constants.swift */ = {isa = PBXFileReference; lastKnownFileType = sourcecode.swift; path = Constants.swift; sourceTree = "<group>"; };
		04EC579524509E7100BAAF23 /* DropViewController.swift */ = {isa = PBXFileReference; lastKnownFileType = sourcecode.swift; path = DropViewController.swift; sourceTree = "<group>"; };
		1A1FD85F2490D80500F9A6AC /* userdataViewController.swift */ = {isa = PBXFileReference; lastKnownFileType = sourcecode.swift; path = userdataViewController.swift; sourceTree = "<group>"; };
		1A1FD8612491112000F9A6AC /* userCollectionViewCell.swift */ = {isa = PBXFileReference; lastKnownFileType = sourcecode.swift; path = userCollectionViewCell.swift; sourceTree = "<group>"; };
		1A277B9C24C6FC4700FDA1DD /* feedthreeViewController.swift */ = {isa = PBXFileReference; lastKnownFileType = sourcecode.swift; path = feedthreeViewController.swift; sourceTree = "<group>"; };
		1A277B9E24C769E300FDA1DD /* feedthreeTableViewCell.swift */ = {isa = PBXFileReference; lastKnownFileType = sourcecode.swift; path = feedthreeTableViewCell.swift; sourceTree = "<group>"; };
		1A3A558324E3F22D008BF672 /* WaterCustomViewController.swift */ = {isa = PBXFileReference; lastKnownFileType = sourcecode.swift; path = WaterCustomViewController.swift; sourceTree = "<group>"; };
		1A3A558524E3F25E008BF672 /* WaterStandardViewController.swift */ = {isa = PBXFileReference; lastKnownFileType = sourcecode.swift; path = WaterStandardViewController.swift; sourceTree = "<group>"; };
		1A4C5E712456CC620091DC87 /* premixCollectionViewCell.swift */ = {isa = PBXFileReference; lastKnownFileType = sourcecode.swift; path = premixCollectionViewCell.swift; sourceTree = "<group>"; };
		1A50F0E624EE6455007EC60C /* Requirments.swift */ = {isa = PBXFileReference; lastKnownFileType = sourcecode.swift; path = Requirments.swift; sourceTree = "<group>"; };
		1A63AA1824F7B7F200ADCAB0 /* csvjson.json */ = {isa = PBXFileReference; fileEncoding = 4; lastKnownFileType = text.json; path = csvjson.json; sourceTree = "<group>"; };
		1A7F1212243CE34F0008CFC0 /* FeedInsight.app */ = {isa = PBXFileReference; explicitFileType = wrapper.application; includeInIndex = 0; path = FeedInsight.app; sourceTree = BUILT_PRODUCTS_DIR; };
		1A7F1215243CE34F0008CFC0 /* AppDelegate.swift */ = {isa = PBXFileReference; lastKnownFileType = sourcecode.swift; path = AppDelegate.swift; sourceTree = "<group>"; };
		1A7F1217243CE34F0008CFC0 /* SceneDelegate.swift */ = {isa = PBXFileReference; lastKnownFileType = sourcecode.swift; path = SceneDelegate.swift; sourceTree = "<group>"; };
		1A7F121C243CE34F0008CFC0 /* Base */ = {isa = PBXFileReference; lastKnownFileType = file.storyboard; name = Base; path = Base.lproj/Main.storyboard; sourceTree = "<group>"; };
		1A7F121E243CE3500008CFC0 /* Assets.xcassets */ = {isa = PBXFileReference; lastKnownFileType = folder.assetcatalog; path = Assets.xcassets; sourceTree = "<group>"; };
		1A7F1221243CE3500008CFC0 /* Base */ = {isa = PBXFileReference; lastKnownFileType = file.storyboard; name = Base; path = Base.lproj/LaunchScreen.storyboard; sourceTree = "<group>"; };
		1A7F1223243CE3500008CFC0 /* Info.plist */ = {isa = PBXFileReference; lastKnownFileType = text.plist.xml; path = Info.plist; sourceTree = "<group>"; };
		1A7F1229243E12610008CFC0 /* HomeViewController.swift */ = {isa = PBXFileReference; lastKnownFileType = sourcecode.swift; path = HomeViewController.swift; sourceTree = "<group>"; };
		1AAAF51224B433350010F945 /* loadProfileAnimalsViewController.swift */ = {isa = PBXFileReference; lastKnownFileType = sourcecode.swift; path = loadProfileAnimalsViewController.swift; sourceTree = "<group>"; };
		1AAAF51424B4D0250010F945 /* loadAnimalsTableViewCell.swift */ = {isa = PBXFileReference; lastKnownFileType = sourcecode.swift; path = loadAnimalsTableViewCell.swift; sourceTree = "<group>"; };
		1ABC8BA224D0C62E00BE7628 /* RuminantspickViewController.swift */ = {isa = PBXFileReference; lastKnownFileType = sourcecode.swift; path = RuminantspickViewController.swift; sourceTree = "<group>"; };
		1ABC8BA424D0CF4200BE7628 /* RuminantsPickCollectionViewCell.swift */ = {isa = PBXFileReference; lastKnownFileType = sourcecode.swift; path = RuminantsPickCollectionViewCell.swift; sourceTree = "<group>"; };
		1AC35CD9245098AF001C7693 /* iOSDropDown.framework */ = {isa = PBXFileReference; explicitFileType = wrapper.framework; path = iOSDropDown.framework; sourceTree = BUILT_PRODUCTS_DIR; };
		1AC35CDB24509D5C001C7693 /* StateViewController.swift */ = {isa = PBXFileReference; lastKnownFileType = sourcecode.swift; path = StateViewController.swift; sourceTree = "<group>"; };
		1AC88FC82466D4AF00694903 /* PaddingTextField.swift */ = {isa = PBXFileReference; lastKnownFileType = sourcecode.swift; path = PaddingTextField.swift; sourceTree = "<group>"; };
		1ADBC19E249A9DE800D061B5 /* userSignupViewController.swift */ = {isa = PBXFileReference; lastKnownFileType = sourcecode.swift; path = userSignupViewController.swift; sourceTree = "<group>"; };
		1ADBC1A0249AA08D00D061B5 /* userSignupCollectionViewCell.swift */ = {isa = PBXFileReference; lastKnownFileType = sourcecode.swift; path = userSignupCollectionViewCell.swift; sourceTree = "<group>"; };
		1AE3587724EA78A600A7E0AA /* waterrationViewController.swift */ = {isa = PBXFileReference; lastKnownFileType = sourcecode.swift; path = waterrationViewController.swift; sourceTree = "<group>"; };
		1AE3587B24EA872300A7E0AA /* waterrationTableViewCell.swift */ = {isa = PBXFileReference; lastKnownFileType = sourcecode.swift; path = waterrationTableViewCell.swift; sourceTree = "<group>"; };
		1AED4024248A751300BE5108 /* gatewayViewController.swift */ = {isa = PBXFileReference; lastKnownFileType = sourcecode.swift; path = gatewayViewController.swift; sourceTree = "<group>"; };
		1AEEA0F824CB580B0077324A /* DataModel.swift */ = {isa = PBXFileReference; lastKnownFileType = sourcecode.swift; path = DataModel.swift; sourceTree = "<group>"; };
		1AEEA0FA24CB590C0077324A /* DataAppend.swift */ = {isa = PBXFileReference; lastKnownFileType = sourcecode.swift; path = DataAppend.swift; sourceTree = "<group>"; };
		1AFE559624AAD6FB0099DB12 /* wateroneViewController.swift */ = {isa = PBXFileReference; lastKnownFileType = sourcecode.swift; path = wateroneViewController.swift; sourceTree = "<group>"; };
		1AFE70DD24C2CDD800C4E08F /* premixViewController.swift */ = {isa = PBXFileReference; lastKnownFileType = sourcecode.swift; path = premixViewController.swift; sourceTree = "<group>"; };
		3C4FBA17D1F5CDE06596FA30 /* Pods-FeedInsight.debug.xcconfig */ = {isa = PBXFileReference; includeInIndex = 1; lastKnownFileType = text.xcconfig; name = "Pods-FeedInsight.debug.xcconfig"; path = "Target Support Files/Pods-FeedInsight/Pods-FeedInsight.debug.xcconfig"; sourceTree = "<group>"; };
		90F9D5990DDCF52BFA5C25C0 /* Pods-FeedInsight.release.xcconfig */ = {isa = PBXFileReference; includeInIndex = 1; lastKnownFileType = text.xcconfig; name = "Pods-FeedInsight.release.xcconfig"; path = "Target Support Files/Pods-FeedInsight/Pods-FeedInsight.release.xcconfig"; sourceTree = "<group>"; };
		D672D6D6A794059D415D1A0A /* Pods_FeedInsight.framework */ = {isa = PBXFileReference; explicitFileType = wrapper.framework; includeInIndex = 0; path = Pods_FeedInsight.framework; sourceTree = BUILT_PRODUCTS_DIR; };
/* End PBXFileReference section */

/* Begin PBXFrameworksBuildPhase section */
		1A7F120F243CE34F0008CFC0 /* Frameworks */ = {
			isa = PBXFrameworksBuildPhase;
			buildActionMask = 2147483647;
			files = (
				1AC35CDA245098AF001C7693 /* iOSDropDown.framework in Frameworks */,
				C3C5DD25E952937DFF8D3273 /* Pods_FeedInsight.framework in Frameworks */,
			);
			runOnlyForDeploymentPostprocessing = 0;
		};
/* End PBXFrameworksBuildPhase section */

/* Begin PBXGroup section */
		045263FA2451BEB9006D67AB /* Font */ = {
			isa = PBXGroup;
			children = (
				045263FD2451BF23006D67AB /* Rubik-Bold.ttf */,
				045263FC2451BF23006D67AB /* Rubik-Medium.ttf */,
				045263FB2451BF22006D67AB /* Rubik-Regular.ttf */,
			);
			path = Font;
			sourceTree = "<group>";
		};
		04A78FE324518D5E00669CBB /* Recovered References */ = {
			isa = PBXGroup;
			children = (
				0420CA9C244F69BD00090F37 /* LoginViewController.swift */,
			);
			name = "Recovered References";
			sourceTree = "<group>";
		};
		04E694982444AB1500E2CE1B /* Controller */ = {
			isa = PBXGroup;
			children = (
				04236AE82450E1B500C66F66 /* AnimalSelectionViewController.swift */,
				1AC35CDB24509D5C001C7693 /* StateViewController.swift */,
				0420CA9E244F6B3A00090F37 /* SigninFscreenViewController.swift */,
				1AC88FC82466D4AF00694903 /* PaddingTextField.swift */,
				045263F624519176006D67AB /* LoginViewController.swift */,
				1AED4024248A751300BE5108 /* gatewayViewController.swift */,
				1A1FD85F2490D80500F9A6AC /* userdataViewController.swift */,
				1ADBC19E249A9DE800D061B5 /* userSignupViewController.swift */,
				1AAAF51224B433350010F945 /* loadProfileAnimalsViewController.swift */,
				1AFE559624AAD6FB0099DB12 /* wateroneViewController.swift */,
				1AFE70DD24C2CDD800C4E08F /* premixViewController.swift */,
				1A277B9C24C6FC4700FDA1DD /* feedthreeViewController.swift */,
				046D6A68249744D000F7E494 /* PreviewViewController.swift */,
				047ADF042454C83A0067237A /* ProfileLoadViewController.swift */,
				1A7F1229243E12610008CFC0 /* HomeViewController.swift */,
				04EC579524509E7100BAAF23 /* DropViewController.swift */,
				042F04C2249894F000F40EC9 /* FeedDetailsViewController.swift */,
				1ABC8BA224D0C62E00BE7628 /* RuminantspickViewController.swift */,
				1A3A558324E3F22D008BF672 /* WaterCustomViewController.swift */,
				1A3A558524E3F25E008BF672 /* WaterStandardViewController.swift */,
				1AE3587724EA78A600A7E0AA /* waterrationViewController.swift */,
			);
			path = Controller;
			sourceTree = "<group>";
		};
		04E98D55246E3F6700D7AB67 /* Helper */ = {
			isa = PBXGroup;
			children = (
				046D6A662497412000F7E494 /* CustomPrintPageRenderer.swift */,
				046D6A642497410000F7E494 /* InvoiceComposer.swift */,
				046D6A622497403D00F7E494 /* single_item.html */,
				046D6A6024973FC300F7E494 /* last_item.html */,
				046D6A5E24973F8100F7E494 /* invoice.html */,
				04E98D56246E3F8600D7AB67 /* Utilities.swift */,
				04E98D58246E3FBB00D7AB67 /* Constants.swift */,
				0442AD1C248EA9A300A53BA1 /* Task.swift */,
				04BBE55A246C3BED00B04F4A /* LocationManager.swift */,
				04D6A906246BFE3100B37859 /* MakeDropDown.swift */,
			);
			path = Helper;
			sourceTree = "<group>";
		};
		1A7F1209243CE34F0008CFC0 = {
			isa = PBXGroup;
			children = (
				1A63AA1824F7B7F200ADCAB0 /* csvjson.json */,
				04D6A908246C164600B37859 /* world-cities.txt */,
				04D11E6F246A7638002D5612 /* GoogleService-Info.plist */,
				04973F9C243F51D2003CE2E6 /* Podfile */,
				1A7F1214243CE34F0008CFC0 /* feedinsight */,
				1A7F1213243CE34F0008CFC0 /* Products */,
				96996E73AC16B574FB66E8D2 /* Pods */,
				588C6D38D030B34906F1E3F2 /* Frameworks */,
				04A78FE324518D5E00669CBB /* Recovered References */,
			);
			sourceTree = "<group>";
		};
		1A7F1213243CE34F0008CFC0 /* Products */ = {
			isa = PBXGroup;
			children = (
				1A7F1212243CE34F0008CFC0 /* FeedInsight.app */,
			);
			name = Products;
			sourceTree = "<group>";
		};
		1A7F1214243CE34F0008CFC0 /* feedinsight */ = {
			isa = PBXGroup;
			children = (
				04E98D55246E3F6700D7AB67 /* Helper */,
				045263FA2451BEB9006D67AB /* Font */,
				1AEEA0F724CB26070077324A /* Data */,
				1AEEA0F524CB1B180077324A /* Model */,
				1AEEA0F624CB1BD50077324A /* View */,
				04E694982444AB1500E2CE1B /* Controller */,
				1AEEA0F424CB1A870077324A /* Storyboard */,
				1A7F121E243CE3500008CFC0 /* Assets.xcassets */,
				1A7F1215243CE34F0008CFC0 /* AppDelegate.swift */,
				1A7F1217243CE34F0008CFC0 /* SceneDelegate.swift */,
				1A7F1223243CE3500008CFC0 /* Info.plist */,
			);
			path = feedinsight;
			sourceTree = "<group>";
		};
		1AEEA0F424CB1A870077324A /* Storyboard */ = {
			isa = PBXGroup;
			children = (
				1A7F121B243CE34F0008CFC0 /* Main.storyboard */,
				1A7F1220243CE3500008CFC0 /* LaunchScreen.storyboard */,
			);
			path = Storyboard;
			sourceTree = "<group>";
		};
		1AEEA0F524CB1B180077324A /* Model */ = {
			isa = PBXGroup;
			children = (
				1AEEA0F824CB580B0077324A /* DataModel.swift */,
				1A50F0E624EE6455007EC60C /* Requirments.swift */,
			);
			path = Model;
			sourceTree = "<group>";
		};
		1AEEA0F624CB1BD50077324A /* View */ = {
			isa = PBXGroup;
			children = (
				1A1FD8612491112000F9A6AC /* userCollectionViewCell.swift */,
				1ADBC1A0249AA08D00D061B5 /* userSignupCollectionViewCell.swift */,
				1A277B9E24C769E300FDA1DD /* feedthreeTableViewCell.swift */,
				1AAAF51424B4D0250010F945 /* loadAnimalsTableViewCell.swift */,
				044BE5012452A66C00551BF6 /* dropdownTableViewCell.swift */,
				1A4C5E712456CC620091DC87 /* premixCollectionViewCell.swift */,
				046A1B932455AAA00012F519 /* profileTitleTableViewCell.swift */,
				047ADF062454CE3E0067237A /* ProfileloadTableViewCell.swift */,
				046A1B942455AAA00012F519 /* profileTitleTableViewCell.xib */,
				04236AE62450E19900C66F66 /* AnimalCollectionViewCell.swift */,
				1ABC8BA424D0CF4200BE7628 /* RuminantsPickCollectionViewCell.swift */,
				1AE3587B24EA872300A7E0AA /* waterrationTableViewCell.swift */,
			);
			path = View;
			sourceTree = "<group>";
		};
		1AEEA0F724CB26070077324A /* Data */ = {
			isa = PBXGroup;
			children = (
				1AEEA0FA24CB590C0077324A /* DataAppend.swift */,
			);
			path = Data;
			sourceTree = "<group>";
		};
		588C6D38D030B34906F1E3F2 /* Frameworks */ = {
			isa = PBXGroup;
			children = (
				1AC35CD9245098AF001C7693 /* iOSDropDown.framework */,
				D672D6D6A794059D415D1A0A /* Pods_FeedInsight.framework */,
			);
			name = Frameworks;
			sourceTree = "<group>";
		};
		96996E73AC16B574FB66E8D2 /* Pods */ = {
			isa = PBXGroup;
			children = (
				3C4FBA17D1F5CDE06596FA30 /* Pods-FeedInsight.debug.xcconfig */,
				90F9D5990DDCF52BFA5C25C0 /* Pods-FeedInsight.release.xcconfig */,
			);
			path = Pods;
			sourceTree = "<group>";
		};
/* End PBXGroup section */

/* Begin PBXNativeTarget section */
		1A7F1211243CE34F0008CFC0 /* FeedInsight */ = {
			isa = PBXNativeTarget;
			buildConfigurationList = 1A7F1226243CE3500008CFC0 /* Build configuration list for PBXNativeTarget "FeedInsight" */;
			buildPhases = (
				9642D59C8196CEAA39C123BF /* [CP] Check Pods Manifest.lock */,
				1A7F120E243CE34F0008CFC0 /* Sources */,
				1A7F120F243CE34F0008CFC0 /* Frameworks */,
				1A7F1210243CE34F0008CFC0 /* Resources */,
				9017D46D9A21DA8846503DF0 /* [CP] Embed Pods Frameworks */,
			);
			buildRules = (
			);
			dependencies = (
			);
			name = FeedInsight;
			productName = stack;
			productReference = 1A7F1212243CE34F0008CFC0 /* FeedInsight.app */;
			productType = "com.apple.product-type.application";
		};
/* End PBXNativeTarget section */

/* Begin PBXProject section */
		1A7F120A243CE34F0008CFC0 /* Project object */ = {
			isa = PBXProject;
			attributes = {
				LastSwiftUpdateCheck = 1140;
				LastUpgradeCheck = 1140;
				ORGANIZATIONNAME = faisal;
				TargetAttributes = {
					1A7F1211243CE34F0008CFC0 = {
						CreatedOnToolsVersion = 11.4;
					};
				};
			};
			buildConfigurationList = 1A7F120D243CE34F0008CFC0 /* Build configuration list for PBXProject "FeedInsight" */;
			compatibilityVersion = "Xcode 9.3";
			developmentRegion = en;
			hasScannedForEncodings = 0;
			knownRegions = (
				en,
				Base,
			);
			mainGroup = 1A7F1209243CE34F0008CFC0;
			productRefGroup = 1A7F1213243CE34F0008CFC0 /* Products */;
			projectDirPath = "";
			projectRoot = "";
			targets = (
				1A7F1211243CE34F0008CFC0 /* FeedInsight */,
			);
		};
/* End PBXProject section */

/* Begin PBXResourcesBuildPhase section */
		1A7F1210243CE34F0008CFC0 /* Resources */ = {
			isa = PBXResourcesBuildPhase;
			buildActionMask = 2147483647;
			files = (
				04D6A909246C164700B37859 /* world-cities.txt in Resources */,
				1A7F1222243CE3500008CFC0 /* LaunchScreen.storyboard in Resources */,
				1A63AA1924F7B7F200ADCAB0 /* csvjson.json in Resources */,
				1A7F121F243CE3500008CFC0 /* Assets.xcassets in Resources */,
				046D6A6124973FC300F7E494 /* last_item.html in Resources */,
				04D11E70246A7638002D5612 /* GoogleService-Info.plist in Resources */,
				04973F9D243F51D2003CE2E6 /* Podfile in Resources */,
				045263FF2451BF23006D67AB /* Rubik-Medium.ttf in Resources */,
				046A1B962455AAA00012F519 /* profileTitleTableViewCell.xib in Resources */,
				045264002451BF23006D67AB /* Rubik-Bold.ttf in Resources */,
				045263FE2451BF23006D67AB /* Rubik-Regular.ttf in Resources */,
				046D6A632497403D00F7E494 /* single_item.html in Resources */,
				1A7F121D243CE34F0008CFC0 /* Main.storyboard in Resources */,
				046D6A5F24973F8900F7E494 /* invoice.html in Resources */,
			);
			runOnlyForDeploymentPostprocessing = 0;
		};
/* End PBXResourcesBuildPhase section */

/* Begin PBXShellScriptBuildPhase section */
		9017D46D9A21DA8846503DF0 /* [CP] Embed Pods Frameworks */ = {
			isa = PBXShellScriptBuildPhase;
			buildActionMask = 2147483647;
			files = (
			);
			inputFileListPaths = (
				"${PODS_ROOT}/Target Support Files/Pods-FeedInsight/Pods-FeedInsight-frameworks-${CONFIGURATION}-input-files.xcfilelist",
			);
			name = "[CP] Embed Pods Frameworks";
			outputFileListPaths = (
				"${PODS_ROOT}/Target Support Files/Pods-FeedInsight/Pods-FeedInsight-frameworks-${CONFIGURATION}-output-files.xcfilelist",
			);
			runOnlyForDeploymentPostprocessing = 0;
			shellPath = /bin/sh;
			shellScript = "\"${PODS_ROOT}/Target Support Files/Pods-FeedInsight/Pods-FeedInsight-frameworks.sh\"\n";
			showEnvVarsInLog = 0;
		};
		9642D59C8196CEAA39C123BF /* [CP] Check Pods Manifest.lock */ = {
			isa = PBXShellScriptBuildPhase;
			buildActionMask = 2147483647;
			files = (
			);
			inputFileListPaths = (
			);
			inputPaths = (
				"${PODS_PODFILE_DIR_PATH}/Podfile.lock",
				"${PODS_ROOT}/Manifest.lock",
			);
			name = "[CP] Check Pods Manifest.lock";
			outputFileListPaths = (
			);
			outputPaths = (
				"$(DERIVED_FILE_DIR)/Pods-FeedInsight-checkManifestLockResult.txt",
			);
			runOnlyForDeploymentPostprocessing = 0;
			shellPath = /bin/sh;
			shellScript = "diff \"${PODS_PODFILE_DIR_PATH}/Podfile.lock\" \"${PODS_ROOT}/Manifest.lock\" > /dev/null\nif [ $? != 0 ] ; then\n    # print error to STDERR\n    echo \"error: The sandbox is not in sync with the Podfile.lock. Run 'pod install' or update your CocoaPods installation.\" >&2\n    exit 1\nfi\n# This output is used by Xcode 'outputs' to avoid re-running this script phase.\necho \"SUCCESS\" > \"${SCRIPT_OUTPUT_FILE_0}\"\n";
			showEnvVarsInLog = 0;
		};
/* End PBXShellScriptBuildPhase section */

/* Begin PBXSourcesBuildPhase section */
		1A7F120E243CE34F0008CFC0 /* Sources */ = {
			isa = PBXSourcesBuildPhase;
			buildActionMask = 2147483647;
			files = (
				1A3A558624E3F25E008BF672 /* WaterStandardViewController.swift in Sources */,
				04D6A907246BFE3100B37859 /* MakeDropDown.swift in Sources */,
				046D6A652497410000F7E494 /* InvoiceComposer.swift in Sources */,
				1AE3587C24EA872300A7E0AA /* waterrationTableViewCell.swift in Sources */,
				1AFE70DE24C2CDD800C4E08F /* premixViewController.swift in Sources */,
				1ADBC19F249A9DE800D061B5 /* userSignupViewController.swift in Sources */,
				045263F724519177006D67AB /* LoginViewController.swift in Sources */,
				04E98D57246E3F8600D7AB67 /* Utilities.swift in Sources */,
				04236AE72450E19900C66F66 /* AnimalCollectionViewCell.swift in Sources */,
				1A7F1216243CE34F0008CFC0 /* AppDelegate.swift in Sources */,
				042F04C3249894F000F40EC9 /* FeedDetailsViewController.swift in Sources */,
				1AFE559724AAD6FB0099DB12 /* wateroneViewController.swift in Sources */,
				04E98D59246E3FBB00D7AB67 /* Constants.swift in Sources */,
				0420CA9F244F6B3A00090F37 /* SigninFscreenViewController.swift in Sources */,
				046A1B952455AAA00012F519 /* profileTitleTableViewCell.swift in Sources */,
				1AEEA0FB24CB590C0077324A /* DataAppend.swift in Sources */,
				044BE5022452A66C00551BF6 /* dropdownTableViewCell.swift in Sources */,
				1ABC8BA324D0C62E00BE7628 /* RuminantspickViewController.swift in Sources */,
				1A1FD8622491112000F9A6AC /* userCollectionViewCell.swift in Sources */,
				046D6A672497412000F7E494 /* CustomPrintPageRenderer.swift in Sources */,
				047ADF072454CE3E0067237A /* ProfileloadTableViewCell.swift in Sources */,
				0442AD1D248EA9A300A53BA1 /* Task.swift in Sources */,
				1A3A558424E3F22D008BF672 /* WaterCustomViewController.swift in Sources */,
				1AAAF51324B433350010F945 /* loadProfileAnimalsViewController.swift in Sources */,
				1AE3587824EA78A600A7E0AA /* waterrationViewController.swift in Sources */,
				1A4C5E722456CC620091DC87 /* premixCollectionViewCell.swift in Sources */,
				1A277B9F24C769E300FDA1DD /* feedthreeTableViewCell.swift in Sources */,
				047ADF052454C83A0067237A /* ProfileLoadViewController.swift in Sources */,
				04EC579624509E7100BAAF23 /* DropViewController.swift in Sources */,
				1ADBC1A1249AA08D00D061B5 /* userSignupCollectionViewCell.swift in Sources */,
				1AEEA0F924CB580B0077324A /* DataModel.swift in Sources */,
				1A1FD8602490D80500F9A6AC /* userdataViewController.swift in Sources */,
				1AC35CDC24509D5C001C7693 /* StateViewController.swift in Sources */,
				1AC88FC92466D4AF00694903 /* PaddingTextField.swift in Sources */,
				046D6A69249744D000F7E494 /* PreviewViewController.swift in Sources */,
				1A7F122A243E12610008CFC0 /* HomeViewController.swift in Sources */,
				1AAAF51524B4D0250010F945 /* loadAnimalsTableViewCell.swift in Sources */,
				04BBE55B246C3BED00B04F4A /* LocationManager.swift in Sources */,
				1ABC8BA524D0CF4200BE7628 /* RuminantsPickCollectionViewCell.swift in Sources */,
				1A277B9D24C6FC4700FDA1DD /* feedthreeViewController.swift in Sources */,
				1A7F1218243CE34F0008CFC0 /* SceneDelegate.swift in Sources */,
				04236AE92450E1B500C66F66 /* AnimalSelectionViewController.swift in Sources */,
				1AED4025248A751300BE5108 /* gatewayViewController.swift in Sources */,
				1A50F0E724EE6455007EC60C /* Requirments.swift in Sources */,
			);
			runOnlyForDeploymentPostprocessing = 0;
		};
/* End PBXSourcesBuildPhase section */

/* Begin PBXVariantGroup section */
		1A7F121B243CE34F0008CFC0 /* Main.storyboard */ = {
			isa = PBXVariantGroup;
			children = (
				1A7F121C243CE34F0008CFC0 /* Base */,
			);
			name = Main.storyboard;
			sourceTree = "<group>";
		};
		1A7F1220243CE3500008CFC0 /* LaunchScreen.storyboard */ = {
			isa = PBXVariantGroup;
			children = (
				1A7F1221243CE3500008CFC0 /* Base */,
			);
			name = LaunchScreen.storyboard;
			sourceTree = "<group>";
		};
/* End PBXVariantGroup section */

/* Begin XCBuildConfiguration section */
		1A7F1224243CE3500008CFC0 /* Debug */ = {
			isa = XCBuildConfiguration;
			buildSettings = {
				ALWAYS_SEARCH_USER_PATHS = NO;
				CLANG_ANALYZER_NONNULL = YES;
				CLANG_ANALYZER_NUMBER_OBJECT_CONVERSION = YES_AGGRESSIVE;
				CLANG_CXX_LANGUAGE_STANDARD = "gnu++14";
				CLANG_CXX_LIBRARY = "libc++";
				CLANG_ENABLE_MODULES = YES;
				CLANG_ENABLE_OBJC_ARC = YES;
				CLANG_ENABLE_OBJC_WEAK = YES;
				CLANG_WARN_BLOCK_CAPTURE_AUTORELEASING = YES;
				CLANG_WARN_BOOL_CONVERSION = YES;
				CLANG_WARN_COMMA = YES;
				CLANG_WARN_CONSTANT_CONVERSION = YES;
				CLANG_WARN_DEPRECATED_OBJC_IMPLEMENTATIONS = YES;
				CLANG_WARN_DIRECT_OBJC_ISA_USAGE = YES_ERROR;
				CLANG_WARN_DOCUMENTATION_COMMENTS = YES;
				CLANG_WARN_EMPTY_BODY = YES;
				CLANG_WARN_ENUM_CONVERSION = YES;
				CLANG_WARN_INFINITE_RECURSION = YES;
				CLANG_WARN_INT_CONVERSION = YES;
				CLANG_WARN_NON_LITERAL_NULL_CONVERSION = YES;
				CLANG_WARN_OBJC_IMPLICIT_RETAIN_SELF = YES;
				CLANG_WARN_OBJC_LITERAL_CONVERSION = YES;
				CLANG_WARN_OBJC_ROOT_CLASS = YES_ERROR;
				CLANG_WARN_RANGE_LOOP_ANALYSIS = YES;
				CLANG_WARN_STRICT_PROTOTYPES = YES;
				CLANG_WARN_SUSPICIOUS_MOVE = YES;
				CLANG_WARN_UNGUARDED_AVAILABILITY = YES_AGGRESSIVE;
				CLANG_WARN_UNREACHABLE_CODE = YES;
				CLANG_WARN__DUPLICATE_METHOD_MATCH = YES;
				COPY_PHASE_STRIP = NO;
				DEBUG_INFORMATION_FORMAT = dwarf;
				ENABLE_STRICT_OBJC_MSGSEND = YES;
				ENABLE_TESTABILITY = YES;
				GCC_C_LANGUAGE_STANDARD = gnu11;
				GCC_DYNAMIC_NO_PIC = NO;
				GCC_NO_COMMON_BLOCKS = YES;
				GCC_OPTIMIZATION_LEVEL = 0;
				GCC_PREPROCESSOR_DEFINITIONS = (
					"DEBUG=1",
					"$(inherited)",
				);
				GCC_WARN_64_TO_32_BIT_CONVERSION = YES;
				GCC_WARN_ABOUT_RETURN_TYPE = YES_ERROR;
				GCC_WARN_UNDECLARED_SELECTOR = YES;
				GCC_WARN_UNINITIALIZED_AUTOS = YES_AGGRESSIVE;
				GCC_WARN_UNUSED_FUNCTION = YES;
				GCC_WARN_UNUSED_VARIABLE = YES;
				IPHONEOS_DEPLOYMENT_TARGET = 9.0;
				MTL_ENABLE_DEBUG_INFO = INCLUDE_SOURCE;
				MTL_FAST_MATH = YES;
				ONLY_ACTIVE_ARCH = YES;
				SDKROOT = iphoneos;
				SWIFT_ACTIVE_COMPILATION_CONDITIONS = DEBUG;
				SWIFT_OPTIMIZATION_LEVEL = "-Onone";
			};
			name = Debug;
		};
		1A7F1225243CE3500008CFC0 /* Release */ = {
			isa = XCBuildConfiguration;
			buildSettings = {
				ALWAYS_SEARCH_USER_PATHS = NO;
				CLANG_ANALYZER_NONNULL = YES;
				CLANG_ANALYZER_NUMBER_OBJECT_CONVERSION = YES_AGGRESSIVE;
				CLANG_CXX_LANGUAGE_STANDARD = "gnu++14";
				CLANG_CXX_LIBRARY = "libc++";
				CLANG_ENABLE_MODULES = YES;
				CLANG_ENABLE_OBJC_ARC = YES;
				CLANG_ENABLE_OBJC_WEAK = YES;
				CLANG_WARN_BLOCK_CAPTURE_AUTORELEASING = YES;
				CLANG_WARN_BOOL_CONVERSION = YES;
				CLANG_WARN_COMMA = YES;
				CLANG_WARN_CONSTANT_CONVERSION = YES;
				CLANG_WARN_DEPRECATED_OBJC_IMPLEMENTATIONS = YES;
				CLANG_WARN_DIRECT_OBJC_ISA_USAGE = YES_ERROR;
				CLANG_WARN_DOCUMENTATION_COMMENTS = YES;
				CLANG_WARN_EMPTY_BODY = YES;
				CLANG_WARN_ENUM_CONVERSION = YES;
				CLANG_WARN_INFINITE_RECURSION = YES;
				CLANG_WARN_INT_CONVERSION = YES;
				CLANG_WARN_NON_LITERAL_NULL_CONVERSION = YES;
				CLANG_WARN_OBJC_IMPLICIT_RETAIN_SELF = YES;
				CLANG_WARN_OBJC_LITERAL_CONVERSION = YES;
				CLANG_WARN_OBJC_ROOT_CLASS = YES_ERROR;
				CLANG_WARN_RANGE_LOOP_ANALYSIS = YES;
				CLANG_WARN_STRICT_PROTOTYPES = YES;
				CLANG_WARN_SUSPICIOUS_MOVE = YES;
				CLANG_WARN_UNGUARDED_AVAILABILITY = YES_AGGRESSIVE;
				CLANG_WARN_UNREACHABLE_CODE = YES;
				CLANG_WARN__DUPLICATE_METHOD_MATCH = YES;
				COPY_PHASE_STRIP = NO;
				DEBUG_INFORMATION_FORMAT = "dwarf-with-dsym";
				ENABLE_NS_ASSERTIONS = NO;
				ENABLE_STRICT_OBJC_MSGSEND = YES;
				GCC_C_LANGUAGE_STANDARD = gnu11;
				GCC_NO_COMMON_BLOCKS = YES;
				GCC_WARN_64_TO_32_BIT_CONVERSION = YES;
				GCC_WARN_ABOUT_RETURN_TYPE = YES_ERROR;
				GCC_WARN_UNDECLARED_SELECTOR = YES;
				GCC_WARN_UNINITIALIZED_AUTOS = YES_AGGRESSIVE;
				GCC_WARN_UNUSED_FUNCTION = YES;
				GCC_WARN_UNUSED_VARIABLE = YES;
				IPHONEOS_DEPLOYMENT_TARGET = 9.0;
				MTL_ENABLE_DEBUG_INFO = NO;
				MTL_FAST_MATH = YES;
				SDKROOT = iphoneos;
				SWIFT_COMPILATION_MODE = wholemodule;
				SWIFT_OPTIMIZATION_LEVEL = "-O";
				VALIDATE_PRODUCT = YES;
			};
			name = Release;
		};
		1A7F1227243CE3500008CFC0 /* Debug */ = {
			isa = XCBuildConfiguration;
			baseConfigurationReference = 3C4FBA17D1F5CDE06596FA30 /* Pods-FeedInsight.debug.xcconfig */;
			buildSettings = {
				ASSETCATALOG_COMPILER_APPICON_NAME = AppIcon;
				CODE_SIGN_IDENTITY = "Apple Development";
				CODE_SIGN_STYLE = Automatic;
				DEVELOPMENT_TEAM = Z7QFBRSB6J;
				INFOPLIST_FILE = feedinsight/Info.plist;
				IPHONEOS_DEPLOYMENT_TARGET = 11.0;
				LD_RUNPATH_SEARCH_PATHS = (
					"$(inherited)",
					"@executable_path/Frameworks",
				);
				MARKETING_VERSION = 2.7;
				PRODUCT_BUNDLE_IDENTIFIER = com.hayetech.feedinsight;
				PRODUCT_NAME = FeedInsight;
				PROVISIONING_PROFILE_SPECIFIER = "";
				SWIFT_VERSION = 5.0;
				TARGETED_DEVICE_FAMILY = "1,2";
			};
			name = Debug;
		};
		1A7F1228243CE3500008CFC0 /* Release */ = {
			isa = XCBuildConfiguration;
			baseConfigurationReference = 90F9D5990DDCF52BFA5C25C0 /* Pods-FeedInsight.release.xcconfig */;
			buildSettings = {
				ASSETCATALOG_COMPILER_APPICON_NAME = AppIcon;
				CODE_SIGN_IDENTITY = "Apple Development";
				CODE_SIGN_STYLE = Automatic;
				DEVELOPMENT_TEAM = Z7QFBRSB6J;
				INFOPLIST_FILE = feedinsight/Info.plist;
				IPHONEOS_DEPLOYMENT_TARGET = 11.0;
				LD_RUNPATH_SEARCH_PATHS = (
					"$(inherited)",
					"@executable_path/Frameworks",
				);
				MARKETING_VERSION = 2.7;
				PRODUCT_BUNDLE_IDENTIFIER = com.hayetech.feedinsight;
				PRODUCT_NAME = FeedInsight;
				PROVISIONING_PROFILE_SPECIFIER = "";
				SWIFT_VERSION = 5.0;
				TARGETED_DEVICE_FAMILY = "1,2";
			};
			name = Release;
		};
/* End XCBuildConfiguration section */

/* Begin XCConfigurationList section */
		1A7F120D243CE34F0008CFC0 /* Build configuration list for PBXProject "FeedInsight" */ = {
			isa = XCConfigurationList;
			buildConfigurations = (
				1A7F1224243CE3500008CFC0 /* Debug */,
				1A7F1225243CE3500008CFC0 /* Release */,
			);
			defaultConfigurationIsVisible = 0;
			defaultConfigurationName = Release;
		};
		1A7F1226243CE3500008CFC0 /* Build configuration list for PBXNativeTarget "FeedInsight" */ = {
			isa = XCConfigurationList;
			buildConfigurations = (
				1A7F1227243CE3500008CFC0 /* Debug */,
				1A7F1228243CE3500008CFC0 /* Release */,
			);
			defaultConfigurationIsVisible = 0;
			defaultConfigurationName = Release;
		};
/* End XCConfigurationList section */
	};
	rootObject = 1A7F120A243CE34F0008CFC0 /* Project object */;
}
